
Microsoft Visual Studio Solution File, Format Version 12.00
# Visual Studio Version 17
VisualStudioVersion = 17.0.32112.339
MinimumVisualStudioVersion = 10.0.40219.1
Project("{FAE04EC0-301F-11D3-BF4B-00C04F79EFBC}") = "PI_number", "PI_number.csproj", "{1AC72DA9-ADC3-4FC1-B500-BE9B1A6024F5}"
EndProject
Global
	GlobalSection(SolutionConfigurationPlatforms) = preSolution
		Debug|Any CPU = Debug|Any CPU
		Release|Any CPU = Release|Any CPU
	EndGlobalSection
	GlobalSection(ProjectConfigurationPlatforms) = postSolution
		{1AC72DA9-ADC3-4FC1-B500-BE9B1A6024F5}.Debug|Any CPU.ActiveCfg = Debug|Any CPU
		{1AC72DA9-ADC3-4FC1-B500-BE9B1A6024F5}.Debug|Any CPU.Build.0 = Debug|Any CPU
		{1AC72DA9-ADC3-4FC1-B500-BE9B1A6024F5}.Release|Any CPU.ActiveCfg = Release|Any CPU
		{1AC72DA9-ADC3-4FC1-B500-BE9B1A6024F5}.Release|Any CPU.Build.0 = Release|Any CPU
	EndGlobalSection
	GlobalSection(SolutionProperties) = preSolution
		HideSolutionNode = FALSE
	EndGlobalSection
	GlobalSection(ExtensibilityGlobals) = postSolution
		SolutionGuid = {35FA2DC5-5889-489A-A8A7-045A8587FF51}
	EndGlobalSection
EndGlobal
